
Microsoft Visual Studio Solution File, Format Version 12.00
# Visual Studio Version 17
VisualStudioVersion = 17.12.35527.113 d17.12
MinimumVisualStudioVersion = 10.0.40219.1
Project("{FAE04EC0-301F-11D3-BF4B-00C04F79EFBC}") = "BranchTest", "BranchTest\BranchTest.csproj", "{D8FFB985-17F8-40DD-BA8E-72C2F2BA8BFD}"
EndProject
Global
	GlobalSection(SolutionConfigurationPlatforms) = preSolution
		Debug|Any CPU = Debug|Any CPU
		Release|Any CPU = Release|Any CPU
	EndGlobalSection
	GlobalSection(ProjectConfigurationPlatforms) = postSolution
		{D8FFB985-17F8-40DD-BA8E-72C2F2BA8BFD}.Debug|Any CPU.ActiveCfg = Debug|Any CPU
		{D8FFB985-17F8-40DD-BA8E-72C2F2BA8BFD}.Debug|Any CPU.Build.0 = Debug|Any CPU
		{D8FFB985-17F8-40DD-BA8E-72C2F2BA8BFD}.Release|Any CPU.ActiveCfg = Release|Any CPU
		{D8FFB985-17F8-40DD-BA8E-72C2F2BA8BFD}.Release|Any CPU.Build.0 = Release|Any CPU
	EndGlobalSection
	GlobalSection(SolutionProperties) = preSolution
		HideSolutionNode = FALSE
	EndGlobalSection
EndGlobal
